{
  "name": "wonderland-events",
  "version": "1.0.0",
  "lockfileVersion": 2,
  "requires": true,
  "packages": {
    "": {
      "name": "wonderland-events",
      "version": "1.0.0",
      "dependencies": {
        "@hyperbeam/web": "^0.0.34",
        "@wonderlandengine/api": "^1.1.5",
        "@wonderlandengine/components": "^1.0.7",
        "@wonderlandengine/networked-components": "https://cloud.wonderland.dev/wonderlandengine-networked-components-v0.6.1.tgz",
        "@wonderlandengine/spatial-audio": "^1.1.0",
        "gl-matrix": "^3.4.3"
      }
    },
    "../wonderland-interaction": {
      "name": "wle-interaction",
      "version": "1.0.0-alpha.0",
      "extraneous": true,
      "license": "MIT",
      "dependencies": {
        "@types/webxr": "^0.5.6",
        "gl-matrix": "^3.4.3"
      },
      "devDependencies": {
        "@typescript-eslint/eslint-plugin": "^6.8.0",
        "@typescript-eslint/parser": "^6.8.0",
        "eslint": "^8.51.0",
        "eslint-plugin-etc": "^2.0.3",
        "eslint-plugin-tsdoc": "^0.2.17",
        "prettier": "^3.0.3",
        "typescript": "^5.2.2"
      },
      "peerDependencies": {
        "@wonderlandengine/api": "^1.1.3"
      }
    },
    "node_modules/@hyperbeam/web": {
      "version": "0.0.34",
      "resolved": "https://registry.npmjs.org/@hyperbeam/web/-/web-0.0.34.tgz",
      "integrity": "sha512-tmUpMHW3Uq7zYePfxDcJutTP5IesVdwj9yszzKbfSQuHj49p+XViQFY2VeIh+raPgnz2sfC44137BY0nAWv3lg==",
      "dependencies": {
        "@types/chrome": "^0.0.178"
      }
    },
    "node_modules/@types/chrome": {
      "version": "0.0.178",
      "resolved": "https://registry.npmjs.org/@types/chrome/-/chrome-0.0.178.tgz",
      "integrity": "sha512-U+G5YG2pH0qvLrYVJ9aT5VbPXYR3fAFyCuRBRAA14Pv7GrkFzDJuXPspgdeLYaKzGEp4rymUkuqUOuFz18LI1g==",
      "dependencies": {
        "@types/filesystem": "*",
        "@types/har-format": "*"
      }
    },
    "node_modules/@types/earcut": {
      "version": "2.1.1",
      "license": "MIT"
    },
    "node_modules/@types/filesystem": {
      "version": "0.0.35",
      "resolved": "https://registry.npmjs.org/@types/filesystem/-/filesystem-0.0.35.tgz",
      "integrity": "sha512-1eKvCaIBdrD2mmMgy5dwh564rVvfEhZTWVQQGRNn0Nt4ZEnJ0C8oSUCzvMKRA4lGde5oEVo+q2MrTTbV/GHDCQ==",
      "dependencies": {
        "@types/filewriter": "*"
      }
    },
    "node_modules/@types/filewriter": {
      "version": "0.0.32",
      "resolved": "https://registry.npmjs.org/@types/filewriter/-/filewriter-0.0.32.tgz",
      "integrity": "sha512-Kpi2GXQyYJdjL8mFclL1eDgihn1SIzorMZjD94kdPZh9E4VxGOeyjPxi5LpsM4Zku7P0reqegZTt2GxhmA9VBg=="
    },
    "node_modules/@types/har-format": {
      "version": "1.2.15",
      "resolved": "https://registry.npmjs.org/@types/har-format/-/har-format-1.2.15.tgz",
      "integrity": "sha512-RpQH4rXLuvTXKR0zqHq3go0RVXYv/YVqv4TnPH95VbwUxZdQlK1EtcMvQvMpDngHbt13Csh9Z4qT9AbkiQH5BA=="
    },
    "node_modules/@types/sdp-transform": {
      "version": "2.4.9",
      "resolved": "https://registry.npmjs.org/@types/sdp-transform/-/sdp-transform-2.4.9.tgz",
      "integrity": "sha512-bVr+/OoZZy7wrHlNcEAAa6PAgKA4BoXPYVN2EijMC5WnGgQ4ZEuixmKnVs2roiAvr7RhIFVH17QD27cojgIZCg=="
    },
    "node_modules/@types/webxr": {
      "version": "0.5.4",
      "license": "MIT"
    },
    "node_modules/@wonderlandengine/api": {
      "version": "1.1.5",
      "resolved": "https://registry.npmjs.org/@wonderlandengine/api/-/api-1.1.5.tgz",
      "integrity": "sha512-1QMoOqiD/4AizAtxmoM0Vpjmmp+Yn5AU7FsqMPM5uvKpzHEYFo/cZRE53ippV49f7SG4UFABVbg+hU8ROg415g==",
      "dependencies": {
        "@types/webxr": "^0.5.0",
        "wasm-feature-detect": "^1.3.0"
      }
    },
    "node_modules/@wonderlandengine/components": {
      "version": "1.0.7",
      "resolved": "https://registry.npmjs.org/@wonderlandengine/components/-/components-1.0.7.tgz",
      "integrity": "sha512-2RVg/aEFbOuNALlM2fYlmM+nbtOOI4o+L3+2CsmTbTx8M/qm9ky6A8v5+BN17+37t6EDC9lB1DuQc8sgedF6vw==",
      "dependencies": {
        "@types/earcut": "^2.1.1",
        "@types/webxr": "^0.5.0",
        "earcut": "^2.2.4",
        "gl-matrix": "^3.3.0",
        "howler": "^2.2.1"
      },
      "peerDependencies": {
        "@wonderlandengine/api": "^1.0.0"
      }
    },
    "node_modules/@wonderlandengine/networked-components": {
      "version": "0.6.1",
      "resolved": "https://cloud.wonderland.dev/wonderlandengine-networked-components-v0.6.1.tgz",
      "integrity": "sha512-6w90iH5akZL8tSNO4RwureqlS0uPY3u3W7OiQEJs7uMSy6h0eLCgxj4EC6gphVk+lOhvLQxG7c2VyNxgm2tusQ==",
      "license": "UNLICENSED",
      "dependencies": {
        "@types/sdp-transform": "^2.4.6",
        "@wonderlandengine/api": "^1.1.3",
        "sdp-transform": "^2.14.1"
      },
      "peerDependencies": {
        "@wonderlandengine/api": "^1.0.2"
      }
    },
    "node_modules/@wonderlandengine/spatial-audio": {
      "version": "1.1.0",
      "resolved": "https://registry.npmjs.org/@wonderlandengine/spatial-audio/-/spatial-audio-1.1.0.tgz",
      "integrity": "sha512-xf1G6hKPRtRd5GSTLCJ8VOqJEIQZt1xWro1rSZDUyWdmbP4ZUIdHIAL8WJ93BHi9wYfwAodctdHfURsUcHnjLQ==",
      "peerDependencies": {
        "@wonderlandengine/api": "^1.0.0",
        "@wonderlandengine/components": "^1.0.6",
        "gl-matrix": "^3.4.3"
      }
    },
    "node_modules/earcut": {
      "version": "2.2.4",
      "license": "ISC"
    },
    "node_modules/gl-matrix": {
      "version": "3.4.3",
      "license": "MIT"
    },
    "node_modules/howler": {
      "version": "2.2.4",
      "license": "MIT"
    },
    "node_modules/sdp-transform": {
      "version": "2.14.1",
      "resolved": "https://registry.npmjs.org/sdp-transform/-/sdp-transform-2.14.1.tgz",
      "integrity": "sha512-RjZyX3nVwJyCuTo5tGPx+PZWkDMCg7oOLpSlhjDdZfwUoNqG1mM8nyj31IGHyaPWXhjbP7cdK3qZ2bmkJ1GzRw==",
      "bin": {
        "sdp-verify": "checker.js"
      }
    },
    "node_modules/wasm-feature-detect": {
      "version": "1.5.1",
      "license": "Apache-2.0"
    }
  },
  "dependencies": {
    "@hyperbeam/web": {
      "version": "0.0.34",
      "resolved": "https://registry.npmjs.org/@hyperbeam/web/-/web-0.0.34.tgz",
      "integrity": "sha512-tmUpMHW3Uq7zYePfxDcJutTP5IesVdwj9yszzKbfSQuHj49p+XViQFY2VeIh+raPgnz2sfC44137BY0nAWv3lg==",
      "requires": {
        "@types/chrome": "^0.0.178"
      }
    },
    "@types/chrome": {
      "version": "0.0.178",
      "resolved": "https://registry.npmjs.org/@types/chrome/-/chrome-0.0.178.tgz",
      "integrity": "sha512-U+G5YG2pH0qvLrYVJ9aT5VbPXYR3fAFyCuRBRAA14Pv7GrkFzDJuXPspgdeLYaKzGEp4rymUkuqUOuFz18LI1g==",
      "requires": {
        "@types/filesystem": "*",
        "@types/har-format": "*"
      }
    },
    "@types/earcut": {
      "version": "2.1.1"
    },
    "@types/filesystem": {
      "version": "0.0.35",
      "resolved": "https://registry.npmjs.org/@types/filesystem/-/filesystem-0.0.35.tgz",
      "integrity": "sha512-1eKvCaIBdrD2mmMgy5dwh564rVvfEhZTWVQQGRNn0Nt4ZEnJ0C8oSUCzvMKRA4lGde5oEVo+q2MrTTbV/GHDCQ==",
      "requires": {
        "@types/filewriter": "*"
      }
    },
    "@types/filewriter": {
      "version": "0.0.32",
      "resolved": "https://registry.npmjs.org/@types/filewriter/-/filewriter-0.0.32.tgz",
      "integrity": "sha512-Kpi2GXQyYJdjL8mFclL1eDgihn1SIzorMZjD94kdPZh9E4VxGOeyjPxi5LpsM4Zku7P0reqegZTt2GxhmA9VBg=="
    },
    "@types/har-format": {
      "version": "1.2.15",
      "resolved": "https://registry.npmjs.org/@types/har-format/-/har-format-1.2.15.tgz",
      "integrity": "sha512-RpQH4rXLuvTXKR0zqHq3go0RVXYv/YVqv4TnPH95VbwUxZdQlK1EtcMvQvMpDngHbt13Csh9Z4qT9AbkiQH5BA=="
    },
    "@types/sdp-transform": {
      "version": "2.4.9",
      "resolved": "https://registry.npmjs.org/@types/sdp-transform/-/sdp-transform-2.4.9.tgz",
      "integrity": "sha512-bVr+/OoZZy7wrHlNcEAAa6PAgKA4BoXPYVN2EijMC5WnGgQ4ZEuixmKnVs2roiAvr7RhIFVH17QD27cojgIZCg=="
    },
    "@types/webxr": {
      "version": "0.5.4"
    },
    "@wonderlandengine/api": {
      "version": "1.1.5",
      "resolved": "https://registry.npmjs.org/@wonderlandengine/api/-/api-1.1.5.tgz",
      "integrity": "sha512-1QMoOqiD/4AizAtxmoM0Vpjmmp+Yn5AU7FsqMPM5uvKpzHEYFo/cZRE53ippV49f7SG4UFABVbg+hU8ROg415g==",
      "requires": {
        "@types/webxr": "^0.5.0",
        "wasm-feature-detect": "^1.3.0"
      }
    },
    "@wonderlandengine/components": {
      "version": "1.0.7",
      "resolved": "https://registry.npmjs.org/@wonderlandengine/components/-/components-1.0.7.tgz",
      "integrity": "sha512-2RVg/aEFbOuNALlM2fYlmM+nbtOOI4o+L3+2CsmTbTx8M/qm9ky6A8v5+BN17+37t6EDC9lB1DuQc8sgedF6vw==",
      "requires": {
        "@types/earcut": "^2.1.1",
        "@types/webxr": "^0.5.0",
        "earcut": "^2.2.4",
        "gl-matrix": "^3.3.0",
        "howler": "^2.2.1"
      }
    },
    "@wonderlandengine/networked-components": {
      "version": "https://cloud.wonderland.dev/wonderlandengine-networked-components-v0.6.1.tgz",
      "integrity": "sha512-6w90iH5akZL8tSNO4RwureqlS0uPY3u3W7OiQEJs7uMSy6h0eLCgxj4EC6gphVk+lOhvLQxG7c2VyNxgm2tusQ==",
      "requires": {
        "@types/sdp-transform": "^2.4.6",
        "@wonderlandengine/api": "^1.1.3",
        "sdp-transform": "^2.14.1"
      }
    },
    "@wonderlandengine/spatial-audio": {
      "version": "1.1.0",
      "resolved": "https://registry.npmjs.org/@wonderlandengine/spatial-audio/-/spatial-audio-1.1.0.tgz",
      "integrity": "sha512-xf1G6hKPRtRd5GSTLCJ8VOqJEIQZt1xWro1rSZDUyWdmbP4ZUIdHIAL8WJ93BHi9wYfwAodctdHfURsUcHnjLQ==",
      "requires": {}
    },
    "earcut": {
      "version": "2.2.4"
    },
    "gl-matrix": {
      "version": "3.4.3"
    },
    "howler": {
      "version": "2.2.4"
    },
    "sdp-transform": {
      "version": "2.14.1",
      "resolved": "https://registry.npmjs.org/sdp-transform/-/sdp-transform-2.14.1.tgz",
      "integrity": "sha512-RjZyX3nVwJyCuTo5tGPx+PZWkDMCg7oOLpSlhjDdZfwUoNqG1mM8nyj31IGHyaPWXhjbP7cdK3qZ2bmkJ1GzRw=="
    },
    "wasm-feature-detect": {
      "version": "1.5.1"
    }
  }
}
